{
  "name": "stresstest",
  "version": "1.0.0",
  "lockfileVersion": 2,
  "requires": true,
  "packages": {
    "": {
      "name": "stresstest",
      "version": "1.0.0",
      "license": "ISC",
      "dependencies": {
        "node-postgres": "^0.6.2",
        "postgres": "^3.2.4"
      }
    },
    "node_modules/node-postgres": {
      "version": "0.6.2",
      "resolved": "https://registry.npmjs.org/node-postgres/-/node-postgres-0.6.2.tgz",
      "integrity": "sha512-wjaW+KutPOFemtBDuogyy6OMMOs2vpSOwuqbUhFUbrDEOTk66K2lmRyvOdO4t26qGtnPyZXQ4bAuF17cBhi5aQ=="
    },
    "node_modules/postgres": {
      "version": "3.2.4",
      "resolved": "https://registry.npmjs.org/postgres/-/postgres-3.2.4.tgz",
      "integrity": "sha512-iscysD+ZlM4A9zj0RS2zo3f4Us4yuov94Yx+p3dE1rEARaBHC8R3/gRq40KEnWp1lxjuFq9EjuAenIUsPaTaDA==",
      "funding": {
        "type": "individual",
        "url": "https://github.com/sponsors/porsager"
      }
    }
  },
  "dependencies": {
    "node-postgres": {
      "version": "0.6.2",
      "resolved": "https://registry.npmjs.org/node-postgres/-/node-postgres-0.6.2.tgz",
      "integrity": "sha512-wjaW+KutPOFemtBDuogyy6OMMOs2vpSOwuqbUhFUbrDEOTk66K2lmRyvOdO4t26qGtnPyZXQ4bAuF17cBhi5aQ=="
    },
    "postgres": {
      "version": "3.2.4",
      "resolved": "https://registry.npmjs.org/postgres/-/postgres-3.2.4.tgz",
      "integrity": "sha512-iscysD+ZlM4A9zj0RS2zo3f4Us4yuov94Yx+p3dE1rEARaBHC8R3/gRq40KEnWp1lxjuFq9EjuAenIUsPaTaDA=="
    }
  }
}
